# This file is automatically @generated by Wally.
# It is not intended for manual editing.
registry = "test"

[[package]]
name = "plainsour/lemon"
version = "0.3.0-dev.5.9"
dependencies = []

[[package]]
name = "znotfireman/ohmyprvd"
version = "0.2.0-dev.1"
dependencies = []

[[package]]
name = "znotfireman/ohmyprvd-devtools"
version = "0.1.0-alpha"
dependencies = [["Fusion", "plainsour/lemon@0.3.0-dev.5.9"], ["prvd", "znotfireman/ohmyprvd@0.2.0-dev.1"]]
