# This file is automatically @generated by Wally.
# It is not intended for manual editing.
registry = "test"

[[package]]
name = "znotfireman/ohmyprvd"
version = "0.1.1-alpha"
dependencies = []

[[package]]
name = "znotfireman/ohmyprvd-lifecycles"
version = "0.1.0-alpha"
dependencies = [["prvd", "znotfireman/ohmyprvd@0.1.1-alpha"]]
